{
  "version": 4,
  "terraform_version": "1.9.8",
  "serial": 129,
  "lineage": "10b02aef-526d-f62e-eea3-77634c7074e9",
  "outputs": {},
  "resources": [
    {
      "mode": "managed",
      "type": "aws_db_instance",
      "name": "mydb",
      "provider": "provider[\"registry.terraform.io/hashicorp/aws\"]",
      "instances": [
        {
          "schema_version": 2,
          "attributes": {
            "address": "mydb.c3oo0mu8wyfg.us-east-1.rds.amazonaws.com",
            "allocated_storage": 20,
            "allow_major_version_upgrade": null,
            "apply_immediately": false,
            "arn": "arn:aws:rds:us-east-1:891612579726:db:mydb",
            "auto_minor_version_upgrade": true,
            "availability_zone": "us-east-1b",
            "backup_retention_period": 0,
            "backup_target": "region",
            "backup_window": "08:47-09:17",
            "blue_green_update": [],
            "ca_cert_identifier": "rds-ca-rsa2048-g1",
            "character_set_name": "",
            "copy_tags_to_snapshot": false,
            "custom_iam_instance_profile": "",
            "customer_owned_ip_enabled": false,
            "db_name": "",
            "db_subnet_group_name": "mydb_subnet_group",
            "dedicated_log_volume": false,
            "delete_automated_backups": true,
            "deletion_protection": false,
            "domain": "",
            "domain_auth_secret_arn": "",
            "domain_dns_ips": null,
            "domain_fqdn": "",
            "domain_iam_role_name": "",
            "domain_ou": "",
            "enabled_cloudwatch_logs_exports": null,
            "endpoint": "mydb.c3oo0mu8wyfg.us-east-1.rds.amazonaws.com:3306",
            "engine": "mysql",
            "engine_lifecycle_support": "open-source-rds-extended-support",
            "engine_version": "8.0.35",
            "engine_version_actual": "8.0.35",
            "final_snapshot_identifier": null,
            "hosted_zone_id": "Z2R2ITUGPM61AM",
            "iam_database_authentication_enabled": false,
            "id": "db-3NTHGCIL56PG2KFDSX5ZSOKKQU",
            "identifier": "mydb",
            "identifier_prefix": "",
            "instance_class": "db.t3.micro",
            "iops": 0,
            "kms_key_id": "",
            "latest_restorable_time": "",
            "license_model": "general-public-license",
            "listener_endpoint": [],
            "maintenance_window": "sat:05:37-sat:06:07",
            "manage_master_user_password": null,
            "master_user_secret": [],
            "master_user_secret_kms_key_id": null,
            "max_allocated_storage": 0,
            "monitoring_interval": 0,
            "monitoring_role_arn": "",
            "multi_az": false,
            "nchar_character_set_name": "",
            "network_type": "IPV4",
            "option_group_name": "default:mysql-8-0",
            "parameter_group_name": "default.mysql8.0",
            "password": "DBpassword2024",
            "performance_insights_enabled": false,
            "performance_insights_kms_key_id": "",
            "performance_insights_retention_period": 0,
            "port": 3306,
            "publicly_accessible": true,
            "replica_mode": "",
            "replicas": [],
            "replicate_source_db": "",
            "resource_id": "db-3NTHGCIL56PG2KFDSX5ZSOKKQU",
            "restore_to_point_in_time": [],
            "s3_import": [],
            "skip_final_snapshot": true,
            "snapshot_identifier": null,
            "status": "available",
            "storage_encrypted": false,
            "storage_throughput": 0,
            "storage_type": "gp2",
            "tags": {
              "Name": "enis_tp"
            },
            "tags_all": {
              "Name": "enis_tp"
            },
            "timeouts": null,
            "timezone": "",
            "upgrade_storage_config": null,
            "username": "dbuser",
            "vpc_security_group_ids": [
              "sg-0e85cf3aa9c34aa4c"
            ]
          },
          "sensitive_attributes": [
            [
              {
                "type": "get_attr",
                "value": "password"
              }
            ]
          ],
          "private": "eyJlMmJmYjczMC1lY2FhLTExZTYtOGY4OC0zNDM2M2JjN2M0YzAiOnsiY3JlYXRlIjoyNDAwMDAwMDAwMDAwLCJkZWxldGUiOjM2MDAwMDAwMDAwMDAsInVwZGF0ZSI6NDgwMDAwMDAwMDAwMH0sInNjaGVtYV92ZXJzaW9uIjoiMiJ9",
          "dependencies": [
            "aws_db_subnet_group.mydb_subnet_group",
            "aws_security_group.web_sg",
            "aws_subnet.public_subnet_1",
            "aws_subnet.public_subnet_2",
            "aws_vpc.tp_cloud_devops_vpc"
          ]
        }
      ]
    },
    {
      "mode": "managed",
      "type": "aws_db_subnet_group",
      "name": "mydb_subnet_group",
      "provider": "provider[\"registry.terraform.io/hashicorp/aws\"]",
      "instances": [
        {
          "schema_version": 0,
          "attributes": {
            "arn": "arn:aws:rds:us-east-1:891612579726:subgrp:mydb_subnet_group",
            "description": "Managed by Terraform",
            "id": "mydb_subnet_group",
            "name": "mydb_subnet_group",
            "name_prefix": "",
            "subnet_ids": [
              "subnet-0326cc127cbd57537",
              "subnet-0d7b1d48f7e4f8e01"
            ],
            "supported_network_types": [
              "IPV4"
            ],
            "tags": {
              "Name": "mydb_subnet_group"
            },
            "tags_all": {
              "Name": "mydb_subnet_group"
            },
            "vpc_id": "vpc-03893df10d113a0ee"
          },
          "sensitive_attributes": [],
          "private": "bnVsbA==",
          "dependencies": [
            "aws_subnet.public_subnet_1",
            "aws_subnet.public_subnet_2",
            "aws_vpc.tp_cloud_devops_vpc"
          ]
        }
      ]
    },
    {
      "mode": "managed",
      "type": "aws_instance",
      "name": "public_instance",
      "provider": "provider[\"registry.terraform.io/hashicorp/aws\"]",
      "instances": [
        {
          "schema_version": 1,
          "attributes": {
            "ami": "ami-0866a3c8686eaeeba",
            "arn": "arn:aws:ec2:us-east-1:891612579726:instance/i-06ab20bb3642ad720",
            "associate_public_ip_address": true,
            "availability_zone": "us-east-1a",
            "capacity_reservation_specification": [
              {
                "capacity_reservation_preference": "open",
                "capacity_reservation_target": []
              }
            ],
            "cpu_core_count": 1,
            "cpu_options": [
              {
                "amd_sev_snp": "",
                "core_count": 1,
                "threads_per_core": 1
              }
            ],
            "cpu_threads_per_core": 1,
            "credit_specification": [
              {
                "cpu_credits": "standard"
              }
            ],
            "disable_api_stop": false,
            "disable_api_termination": false,
            "ebs_block_device": [],
            "ebs_optimized": false,
            "enclave_options": [
              {
                "enabled": false
              }
            ],
            "ephemeral_block_device": [],
            "get_password_data": false,
            "hibernation": false,
            "host_id": "",
            "host_resource_group_arn": null,
            "iam_instance_profile": "",
            "id": "i-06ab20bb3642ad720",
            "instance_initiated_shutdown_behavior": "stop",
            "instance_lifecycle": "",
            "instance_market_options": [],
            "instance_state": "running",
            "instance_type": "t2.micro",
            "ipv6_address_count": 0,
            "ipv6_addresses": [],
            "key_name": "terraform-key",
            "launch_template": [],
            "maintenance_options": [
              {
                "auto_recovery": "default"
              }
            ],
            "metadata_options": [
              {
                "http_endpoint": "enabled",
                "http_protocol_ipv6": "disabled",
                "http_put_response_hop_limit": 2,
                "http_tokens": "required",
                "instance_metadata_tags": "disabled"
              }
            ],
            "monitoring": false,
            "network_interface": [],
            "outpost_arn": "",
            "password_data": "",
            "placement_group": "",
            "placement_partition_number": 0,
            "primary_network_interface_id": "eni-034550015d7a9667d",
            "private_dns": "ip-10-0-1-182.ec2.internal",
            "private_dns_name_options": [
              {
                "enable_resource_name_dns_a_record": false,
                "enable_resource_name_dns_aaaa_record": false,
                "hostname_type": "ip-name"
              }
            ],
            "private_ip": "10.0.1.182",
            "public_dns": "ec2-34-239-187-245.compute-1.amazonaws.com",
            "public_ip": "34.239.187.245",
            "root_block_device": [
              {
                "delete_on_termination": true,
                "device_name": "/dev/sda1",
                "encrypted": false,
                "iops": 3000,
                "kms_key_id": "",
                "tags": {},
                "tags_all": {},
                "throughput": 125,
                "volume_id": "vol-0109f1831700b1e78",
                "volume_size": 8,
                "volume_type": "gp3"
              }
            ],
            "secondary_private_ips": [],
            "security_groups": [],
            "source_dest_check": true,
            "spot_instance_request_id": "",
            "subnet_id": "subnet-0d7b1d48f7e4f8e01",
            "tags": {
              "Name": "PublicInstance"
            },
            "tags_all": {
              "Name": "PublicInstance"
            },
            "tenancy": "default",
            "timeouts": null,
            "user_data": "5862384666359fd0af86394ff4a1625e94804b33",
            "user_data_base64": null,
            "user_data_replace_on_change": false,
            "volume_tags": null,
            "vpc_security_group_ids": [
              "sg-0e85cf3aa9c34aa4c"
            ]
          },
          "sensitive_attributes": [],
          "private": "eyJlMmJmYjczMC1lY2FhLTExZTYtOGY4OC0zNDM2M2JjN2M0YzAiOnsiY3JlYXRlIjo2MDAwMDAwMDAwMDAsImRlbGV0ZSI6MTIwMDAwMDAwMDAwMCwicmVhZCI6OTAwMDAwMDAwMDAwLCJ1cGRhdGUiOjYwMDAwMDAwMDAwMH0sInNjaGVtYV92ZXJzaW9uIjoiMSJ9",
          "dependencies": [
            "aws_key_pair.deployer_key",
            "aws_security_group.web_sg",
            "aws_subnet.public_subnet_1",
            "aws_vpc.tp_cloud_devops_vpc",
            "tls_private_key.example_ssh_key"
          ]
        }
      ]
    },
    {
      "mode": "managed",
      "type": "aws_internet_gateway",
      "name": "main",
      "provider": "provider[\"registry.terraform.io/hashicorp/aws\"]",
      "instances": [
        {
          "schema_version": 0,
          "attributes": {
            "arn": "arn:aws:ec2:us-east-1:891612579726:internet-gateway/igw-008ac283d3a69f3c6",
            "id": "igw-008ac283d3a69f3c6",
            "owner_id": "891612579726",
            "tags": {
              "Name": "main-igw"
            },
            "tags_all": {
              "Name": "main-igw"
            },
            "timeouts": null,
            "vpc_id": "vpc-03893df10d113a0ee"
          },
          "sensitive_attributes": [],
          "private": "eyJlMmJmYjczMC1lY2FhLTExZTYtOGY4OC0zNDM2M2JjN2M0YzAiOnsiY3JlYXRlIjoxMjAwMDAwMDAwMDAwLCJkZWxldGUiOjEyMDAwMDAwMDAwMDAsInVwZGF0ZSI6MTIwMDAwMDAwMDAwMH19",
          "dependencies": [
            "aws_vpc.tp_cloud_devops_vpc"
          ]
        }
      ]
    },
    {
      "mode": "managed",
      "type": "aws_key_pair",
      "name": "deployer_key",
      "provider": "provider[\"registry.terraform.io/hashicorp/aws\"]",
      "instances": [
        {
          "schema_version": 1,
          "attributes": {
            "arn": "arn:aws:ec2:us-east-1:891612579726:key-pair/terraform-key",
            "fingerprint": "57:7a:5c:b3:68:8b:68:68:d3:b7:d7:82:0b:d4:4f:b4",
            "id": "terraform-key",
            "key_name": "terraform-key",
            "key_name_prefix": "",
            "key_pair_id": "key-08befa04f67bf7b96",
            "key_type": "rsa",
            "public_key": "ssh-rsa AAAAB3NzaC1yc2EAAAADAQABAAABAQCqoM4iwzZUrIOYUpRPkUZFu5VmgGj9VFt1fGI2XPAjLvIYCc1HhE0b565Tm8Qv821cDQhDbcC6kC9SV37SPt1xUXlqD8WgUhKI3GHhn0+aHHYhFUiRe2SVTylzBzSQDnbPh0LK856wBLqhsaBzE2dsVuImR3noVOEbVhxbreLOXoJT1IYqL8cVYZPOh82FIe81Hu1ARSeqPe+gQVygEwNofvAkGIk/GJAsXfft26BifnzK0mezjsgtQX4BEeWd45bn8H3KjsF7Ls5XBeskoiW4aO3bxKbHtyvcwIQfnDhXcuB9fswo5Ww9tDnCR6V5rGT5cuMgQ/ZuWtNy16dsp3Pr",
            "tags": null,
            "tags_all": {}
          },
          "sensitive_attributes": [],
          "private": "eyJzY2hlbWFfdmVyc2lvbiI6IjEifQ==",
          "dependencies": [
            "tls_private_key.example_ssh_key"
          ]
        }
      ]
    },
    {
      "mode": "managed",
      "type": "aws_route_table",
      "name": "public",
      "provider": "provider[\"registry.terraform.io/hashicorp/aws\"]",
      "instances": [
        {
          "schema_version": 0,
          "attributes": {
            "arn": "arn:aws:ec2:us-east-1:891612579726:route-table/rtb-0a93e528e318e36da",
            "id": "rtb-0a93e528e318e36da",
            "owner_id": "891612579726",
            "propagating_vgws": [],
            "route": [
              {
                "carrier_gateway_id": "",
                "cidr_block": "0.0.0.0/0",
                "core_network_arn": "",
                "destination_prefix_list_id": "",
                "egress_only_gateway_id": "",
                "gateway_id": "igw-008ac283d3a69f3c6",
                "ipv6_cidr_block": "",
                "local_gateway_id": "",
                "nat_gateway_id": "",
                "network_interface_id": "",
                "transit_gateway_id": "",
                "vpc_endpoint_id": "",
                "vpc_peering_connection_id": ""
              }
            ],
            "tags": {
              "Name": "public-rt"
            },
            "tags_all": {
              "Name": "public-rt"
            },
            "timeouts": null,
            "vpc_id": "vpc-03893df10d113a0ee"
          },
          "sensitive_attributes": [],
          "private": "eyJlMmJmYjczMC1lY2FhLTExZTYtOGY4OC0zNDM2M2JjN2M0YzAiOnsiY3JlYXRlIjozMDAwMDAwMDAwMDAsImRlbGV0ZSI6MzAwMDAwMDAwMDAwLCJ1cGRhdGUiOjEyMDAwMDAwMDAwMH19",
          "dependencies": [
            "aws_internet_gateway.main",
            "aws_vpc.tp_cloud_devops_vpc"
          ]
        }
      ]
    },
    {
      "mode": "managed",
      "type": "aws_route_table_association",
      "name": "public_1",
      "provider": "provider[\"registry.terraform.io/hashicorp/aws\"]",
      "instances": [
        {
          "schema_version": 0,
          "attributes": {
            "gateway_id": "",
            "id": "rtbassoc-02e3a639a8f88398f",
            "route_table_id": "rtb-0a93e528e318e36da",
            "subnet_id": "subnet-0d7b1d48f7e4f8e01",
            "timeouts": null
          },
          "sensitive_attributes": [],
          "private": "eyJlMmJmYjczMC1lY2FhLTExZTYtOGY4OC0zNDM2M2JjN2M0YzAiOnsiY3JlYXRlIjozMDAwMDAwMDAwMDAsImRlbGV0ZSI6MzAwMDAwMDAwMDAwLCJ1cGRhdGUiOjEyMDAwMDAwMDAwMH19",
          "dependencies": [
            "aws_internet_gateway.main",
            "aws_route_table.public",
            "aws_subnet.public_subnet_1",
            "aws_vpc.tp_cloud_devops_vpc"
          ]
        }
      ]
    },
    {
      "mode": "managed",
      "type": "aws_s3_object",
      "name": "private_key_object",
      "provider": "provider[\"registry.terraform.io/hashicorp/aws\"]",
      "instances": [
        {
          "schema_version": 0,
          "attributes": {
            "acl": "private",
            "arn": "arn:aws:s3:::custom-terraform-state-bucket-123456-176e04db/terraform-key.pem",
            "bucket": "custom-terraform-state-bucket-123456-176e04db",
            "bucket_key_enabled": false,
            "cache_control": "",
            "checksum_algorithm": null,
            "checksum_crc32": "",
            "checksum_crc32c": "",
            "checksum_sha1": "",
            "checksum_sha256": "",
            "content": "-----BEGIN RSA PRIVATE KEY-----\nMIIEpAIBAAKCAQEAqqDOIsM2VKyDmFKUT5FGRbuVZoBo/VRbdXxiNlzwIy7yGAnN\nR4RNG+euU5vEL/NtXA0IQ23AupAvUld+0j7dcVF5ag/FoFISiNxh4Z9Pmhx2IRVI\nkXtklU8pcwc0kA52z4dCyvOesAS6obGgcxNnbFbiJkd56FThG1YcW63izl6CU9SG\nKi/HFWGTzofNhSHvNR7tQEUnqj3voEFcoBMDaH7wJBiJPxiQLF337dugYn58ytJn\ns47ILUF+ARHlneOW5/B9yo7Bey7OVwXrJKIluGjt28Smx7cr3MCEH5w4V3LgfX7M\nKOVsPbQ5wkeleaxk+XLjIEP2blrTctenbKdz6wIDAQABAoIBAFOILeJu1yZU3oev\nxdO+NzzkPJvVuZBrv+qgXiRnE1jmHrcN9WVRq75BieJ8m2suLReneagpDvVGqSQS\nmY+sHxTe4iW+Wu3FwDUoTvL53yp/TIWduc0fL3q5Kn2ZxW3Q5vFqMpTQ95sMdaG7\nJ+WuVi9/yW8cBt5qz1lmqrNnSWXlqcAnf7UffYsDBvt51HA1o9KZHvpx4hYmhFjl\ntmCXfBPW6u7YZez0W2xsw5zDlgFuYE5GbFYPZxFR57WkSrCBs2N04659ByZsMoXD\nup4yVYCmJ907AtLl1K/OVfMo9QQ1EoM8Mlnzx7NJRkdgqRilAJcGofcta33H2tWl\nVB4r7UECgYEA3dFxq0O9XEaArAiYFsWEUWxl6sLjMwOM8CW0/JvKxfXUMwwfmL7v\nd8tX04/G1/W1YxMEj5Hux82P1oXzeB8vzSQ8yMNDntuOXuYtyi//tDaZ9dq8NvVd\n7yOR58EXc5R64DfPxt+ZD/da3Vnlm2Vkozdivg2pZEX+dzH0RrzHWRMCgYEAxOv0\nfWmhBooQB5sI1SX8gMU0UkimcZIqGZ9tU40PbH9xAxJkdYRCbwZ55uJ53xPM0h/s\nyDuz4FL7yZIxvAChTzqWcmRzhzIoxhwOivdGp5z4zoy9PeO0rjRSmSpofUq5Q5TA\nHXYv+Ucz+X6CZg0lb+SJ7eAFgDoksY21kFeH7MkCgYEA3DNGNzFo8wieRanGaZys\nrTQBvNq5NvRIXkHgeICj/H78p6xaVYT+LprzVfc9+zdVWMQRXAEP3NNo/ho9xzqW\ndnyJxvdo0nO80uKIBFY/7oPhtRnujFRqarKR7lJWWIvGq31cS12/EgWI84KBmBFA\npXKfGHJxfTSq12MEz5AqCXcCgYEAsVlMHPLXufr3itH+t3B5o0N35q9Vb61SyzbB\nEGFXRcDU+A5FeWz/I9yyRtUrK1Q6v/dOmdrjGiHCb/yBXC85GBDM1ANR5K2w+RLl\nqhQfhu8hSWyJNsbvv4CR7y25YzW7+nhqOV5qwFd3ILjmGaC3Wbl620hJy/0RdPMK\nVQ/v87kCgYAiNo11kG5tsUOwbXS6zzCoFjHW7xWSdEBkQ8+Q3cceNeJ30uGQWjrb\nzPF5z3rTLDQ1VpWDNMDz8A9p3seYdrilna0fvgJl+LfjtzYtEkXgsA4PIqdqBMNf\nlKYrNQP8uw5tlf5hjA+s1cmOZrcVSQU5GLCTyefD+J7uQL6/ExNG6w==\n-----END RSA PRIVATE KEY-----\n",
            "content_base64": null,
            "content_disposition": "",
            "content_encoding": "",
            "content_language": "",
            "content_type": "application/octet-stream",
            "etag": "f556744cd91476dd6a12f44d4e428b8e",
            "force_destroy": false,
            "id": "terraform-key.pem",
            "key": "terraform-key.pem",
            "kms_key_id": null,
            "metadata": null,
            "object_lock_legal_hold_status": "",
            "object_lock_mode": "",
            "object_lock_retain_until_date": "",
            "override_provider": [],
            "server_side_encryption": "AES256",
            "source": null,
            "source_hash": null,
            "storage_class": "STANDARD",
            "tags": null,
            "tags_all": {},
            "version_id": "3mEUIiHg3xH6SM37gyOzgSXXaiy.Xb4v",
            "website_redirect": ""
          },
          "sensitive_attributes": [
            [
              {
                "type": "get_attr",
                "value": "content"
              }
            ]
          ],
          "private": "bnVsbA==",
          "dependencies": [
            "tls_private_key.example_ssh_key"
          ]
        }
      ]
    },
    {
      "mode": "managed",
      "type": "aws_security_group",
      "name": "web_sg",
      "provider": "provider[\"registry.terraform.io/hashicorp/aws\"]",
      "instances": [
        {
          "schema_version": 1,
          "attributes": {
            "arn": "arn:aws:ec2:us-east-1:891612579726:security-group/sg-0e85cf3aa9c34aa4c",
            "description": "Security group for web server and SSH access",
            "egress": [],
            "id": "sg-0e85cf3aa9c34aa4c",
            "ingress": [],
            "name": "web-server-sg",
            "name_prefix": "",
            "owner_id": "891612579726",
            "revoke_rules_on_delete": false,
            "tags": null,
            "tags_all": {},
            "timeouts": null,
            "vpc_id": "vpc-03893df10d113a0ee"
          },
          "sensitive_attributes": [],
          "private": "eyJlMmJmYjczMC1lY2FhLTExZTYtOGY4OC0zNDM2M2JjN2M0YzAiOnsiY3JlYXRlIjo2MDAwMDAwMDAwMDAsImRlbGV0ZSI6OTAwMDAwMDAwMDAwfSwic2NoZW1hX3ZlcnNpb24iOiIxIn0=",
          "dependencies": [
            "aws_vpc.tp_cloud_devops_vpc"
          ]
        }
      ]
    },
    {
      "mode": "managed",
      "type": "aws_security_group_rule",
      "name": "allow_all_outbound",
      "provider": "provider[\"registry.terraform.io/hashicorp/aws\"]",
      "instances": [
        {
          "schema_version": 2,
          "attributes": {
            "cidr_blocks": [
              "0.0.0.0/0"
            ],
            "description": null,
            "from_port": 0,
            "id": "sgrule-1921385725",
            "ipv6_cidr_blocks": null,
            "prefix_list_ids": null,
            "protocol": "-1",
            "security_group_id": "sg-0e85cf3aa9c34aa4c",
            "security_group_rule_id": "sgr-074cb1973d16b0180",
            "self": false,
            "source_security_group_id": null,
            "timeouts": null,
            "to_port": 0,
            "type": "egress"
          },
          "sensitive_attributes": [],
          "private": "eyJlMmJmYjczMC1lY2FhLTExZTYtOGY4OC0zNDM2M2JjN2M0YzAiOnsiY3JlYXRlIjozMDAwMDAwMDAwMDB9LCJzY2hlbWFfdmVyc2lvbiI6IjIifQ==",
          "dependencies": [
            "aws_security_group.web_sg",
            "aws_vpc.tp_cloud_devops_vpc"
          ]
        }
      ]
    },
    {
      "mode": "managed",
      "type": "aws_security_group_rule",
      "name": "allow_backend_inbound",
      "provider": "provider[\"registry.terraform.io/hashicorp/aws\"]",
      "instances": [
        {
          "schema_version": 2,
          "attributes": {
            "cidr_blocks": [
              "0.0.0.0/0"
            ],
            "description": null,
            "from_port": 8000,
            "id": "sgrule-83106538",
            "ipv6_cidr_blocks": null,
            "prefix_list_ids": null,
            "protocol": "tcp",
            "security_group_id": "sg-0e85cf3aa9c34aa4c",
            "security_group_rule_id": "sgr-0970808caf6cdbcd3",
            "self": false,
            "source_security_group_id": null,
            "timeouts": null,
            "to_port": 8000,
            "type": "ingress"
          },
          "sensitive_attributes": [],
          "private": "eyJlMmJmYjczMC1lY2FhLTExZTYtOGY4OC0zNDM2M2JjN2M0YzAiOnsiY3JlYXRlIjozMDAwMDAwMDAwMDB9LCJzY2hlbWFfdmVyc2lvbiI6IjIifQ==",
          "dependencies": [
            "aws_security_group.web_sg",
            "aws_vpc.tp_cloud_devops_vpc"
          ]
        }
      ]
    },
    {
      "mode": "managed",
      "type": "aws_security_group_rule",
      "name": "allow_rds_inbound",
      "provider": "provider[\"registry.terraform.io/hashicorp/aws\"]",
      "instances": [
        {
          "schema_version": 2,
          "attributes": {
            "cidr_blocks": [
              "0.0.0.0/0"
            ],
            "description": null,
            "from_port": 3306,
            "id": "sgrule-2680851210",
            "ipv6_cidr_blocks": null,
            "prefix_list_ids": null,
            "protocol": "tcp",
            "security_group_id": "sg-0e85cf3aa9c34aa4c",
            "security_group_rule_id": "sgr-0e01038dabbfd61c8",
            "self": false,
            "source_security_group_id": null,
            "timeouts": null,
            "to_port": 3306,
            "type": "ingress"
          },
          "sensitive_attributes": [],
          "private": "eyJlMmJmYjczMC1lY2FhLTExZTYtOGY4OC0zNDM2M2JjN2M0YzAiOnsiY3JlYXRlIjozMDAwMDAwMDAwMDB9LCJzY2hlbWFfdmVyc2lvbiI6IjIifQ==",
          "dependencies": [
            "aws_security_group.web_sg",
            "aws_vpc.tp_cloud_devops_vpc"
          ]
        }
      ]
    },
    {
      "mode": "managed",
      "type": "aws_security_group_rule",
      "name": "allow_web_http_inbound",
      "provider": "provider[\"registry.terraform.io/hashicorp/aws\"]",
      "instances": [
        {
          "schema_version": 2,
          "attributes": {
            "cidr_blocks": [
              "0.0.0.0/0"
            ],
            "description": null,
            "from_port": 8080,
            "id": "sgrule-277452636",
            "ipv6_cidr_blocks": null,
            "prefix_list_ids": null,
            "protocol": "tcp",
            "security_group_id": "sg-0e85cf3aa9c34aa4c",
            "security_group_rule_id": "sgr-0bc5e131a55240a61",
            "self": false,
            "source_security_group_id": null,
            "timeouts": null,
            "to_port": 8080,
            "type": "ingress"
          },
          "sensitive_attributes": [],
          "private": "eyJlMmJmYjczMC1lY2FhLTExZTYtOGY4OC0zNDM2M2JjN2M0YzAiOnsiY3JlYXRlIjozMDAwMDAwMDAwMDB9LCJzY2hlbWFfdmVyc2lvbiI6IjIifQ==",
          "dependencies": [
            "aws_security_group.web_sg",
            "aws_vpc.tp_cloud_devops_vpc"
          ]
        }
      ]
    },
    {
      "mode": "managed",
      "type": "aws_security_group_rule",
      "name": "allow_web_http_inbound-81",
      "provider": "provider[\"registry.terraform.io/hashicorp/aws\"]",
      "instances": [
        {
          "schema_version": 2,
          "attributes": {
            "cidr_blocks": [
              "0.0.0.0/0"
            ],
            "description": null,
            "from_port": 81,
            "id": "sgrule-3484441535",
            "ipv6_cidr_blocks": null,
            "prefix_list_ids": null,
            "protocol": "tcp",
            "security_group_id": "sg-0e85cf3aa9c34aa4c",
            "security_group_rule_id": "sgr-05c6129266b7c71ad",
            "self": false,
            "source_security_group_id": null,
            "timeouts": null,
            "to_port": 81,
            "type": "ingress"
          },
          "sensitive_attributes": [],
          "private": "eyJlMmJmYjczMC1lY2FhLTExZTYtOGY4OC0zNDM2M2JjN2M0YzAiOnsiY3JlYXRlIjozMDAwMDAwMDAwMDB9LCJzY2hlbWFfdmVyc2lvbiI6IjIifQ==",
          "dependencies": [
            "aws_security_group.web_sg",
            "aws_vpc.tp_cloud_devops_vpc"
          ]
        }
      ]
    },
    {
      "mode": "managed",
      "type": "aws_security_group_rule",
      "name": "allow_web_http_inbound_80",
      "provider": "provider[\"registry.terraform.io/hashicorp/aws\"]",
      "instances": [
        {
          "schema_version": 2,
          "attributes": {
            "cidr_blocks": [
              "0.0.0.0/0"
            ],
            "description": null,
            "from_port": 80,
            "id": "sgrule-538519001",
            "ipv6_cidr_blocks": null,
            "prefix_list_ids": null,
            "protocol": "tcp",
            "security_group_id": "sg-0e85cf3aa9c34aa4c",
            "security_group_rule_id": "sgr-07ef7490627af354f",
            "self": false,
            "source_security_group_id": null,
            "timeouts": null,
            "to_port": 80,
            "type": "ingress"
          },
          "sensitive_attributes": [],
          "private": "eyJlMmJmYjczMC1lY2FhLTExZTYtOGY4OC0zNDM2M2JjN2M0YzAiOnsiY3JlYXRlIjozMDAwMDAwMDAwMDB9LCJzY2hlbWFfdmVyc2lvbiI6IjIifQ==",
          "dependencies": [
            "aws_security_group.web_sg",
            "aws_vpc.tp_cloud_devops_vpc"
          ]
        }
      ]
    },
    {
      "mode": "managed",
      "type": "aws_security_group_rule",
      "name": "allow_web_ssh_inbound",
      "provider": "provider[\"registry.terraform.io/hashicorp/aws\"]",
      "instances": [
        {
          "schema_version": 2,
          "attributes": {
            "cidr_blocks": [
              "0.0.0.0/0"
            ],
            "description": null,
            "from_port": 22,
            "id": "sgrule-2526247020",
            "ipv6_cidr_blocks": null,
            "prefix_list_ids": null,
            "protocol": "tcp",
            "security_group_id": "sg-0e85cf3aa9c34aa4c",
            "security_group_rule_id": "sgr-0844ea2f64d4e794c",
            "self": false,
            "source_security_group_id": null,
            "timeouts": null,
            "to_port": 22,
            "type": "ingress"
          },
          "sensitive_attributes": [],
          "private": "eyJlMmJmYjczMC1lY2FhLTExZTYtOGY4OC0zNDM2M2JjN2M0YzAiOnsiY3JlYXRlIjozMDAwMDAwMDAwMDB9LCJzY2hlbWFfdmVyc2lvbiI6IjIifQ==",
          "dependencies": [
            "aws_security_group.web_sg",
            "aws_vpc.tp_cloud_devops_vpc"
          ]
        }
      ]
    },
    {
      "mode": "managed",
      "type": "aws_subnet",
      "name": "public_subnet_1",
      "provider": "provider[\"registry.terraform.io/hashicorp/aws\"]",
      "instances": [
        {
          "schema_version": 1,
          "attributes": {
            "arn": "arn:aws:ec2:us-east-1:891612579726:subnet/subnet-0d7b1d48f7e4f8e01",
            "assign_ipv6_address_on_creation": false,
            "availability_zone": "us-east-1a",
            "availability_zone_id": "use1-az6",
            "cidr_block": "10.0.1.0/24",
            "customer_owned_ipv4_pool": "",
            "enable_dns64": false,
            "enable_lni_at_device_index": 0,
            "enable_resource_name_dns_a_record_on_launch": false,
            "enable_resource_name_dns_aaaa_record_on_launch": false,
            "id": "subnet-0d7b1d48f7e4f8e01",
            "ipv6_cidr_block": "",
            "ipv6_cidr_block_association_id": "",
            "ipv6_native": false,
            "map_customer_owned_ip_on_launch": false,
            "map_public_ip_on_launch": true,
            "outpost_arn": "",
            "owner_id": "891612579726",
            "private_dns_hostname_type_on_launch": "ip-name",
            "tags": {
              "Name": "public-subnet-1"
            },
            "tags_all": {
              "Name": "public-subnet-1"
            },
            "timeouts": null,
            "vpc_id": "vpc-03893df10d113a0ee"
          },
          "sensitive_attributes": [],
          "private": "eyJlMmJmYjczMC1lY2FhLTExZTYtOGY4OC0zNDM2M2JjN2M0YzAiOnsiY3JlYXRlIjo2MDAwMDAwMDAwMDAsImRlbGV0ZSI6MTIwMDAwMDAwMDAwMH0sInNjaGVtYV92ZXJzaW9uIjoiMSJ9",
          "dependencies": [
            "aws_vpc.tp_cloud_devops_vpc"
          ]
        }
      ]
    },
    {
      "mode": "managed",
      "type": "aws_subnet",
      "name": "public_subnet_2",
      "provider": "provider[\"registry.terraform.io/hashicorp/aws\"]",
      "instances": [
        {
          "schema_version": 1,
          "attributes": {
            "arn": "arn:aws:ec2:us-east-1:891612579726:subnet/subnet-0326cc127cbd57537",
            "assign_ipv6_address_on_creation": false,
            "availability_zone": "us-east-1b",
            "availability_zone_id": "use1-az1",
            "cidr_block": "10.0.2.0/24",
            "customer_owned_ipv4_pool": "",
            "enable_dns64": false,
            "enable_lni_at_device_index": 0,
            "enable_resource_name_dns_a_record_on_launch": false,
            "enable_resource_name_dns_aaaa_record_on_launch": false,
            "id": "subnet-0326cc127cbd57537",
            "ipv6_cidr_block": "",
            "ipv6_cidr_block_association_id": "",
            "ipv6_native": false,
            "map_customer_owned_ip_on_launch": false,
            "map_public_ip_on_launch": true,
            "outpost_arn": "",
            "owner_id": "891612579726",
            "private_dns_hostname_type_on_launch": "ip-name",
            "tags": {
              "Name": "public-subnet-2"
            },
            "tags_all": {
              "Name": "public-subnet-2"
            },
            "timeouts": null,
            "vpc_id": "vpc-03893df10d113a0ee"
          },
          "sensitive_attributes": [],
          "private": "eyJlMmJmYjczMC1lY2FhLTExZTYtOGY4OC0zNDM2M2JjN2M0YzAiOnsiY3JlYXRlIjo2MDAwMDAwMDAwMDAsImRlbGV0ZSI6MTIwMDAwMDAwMDAwMH0sInNjaGVtYV92ZXJzaW9uIjoiMSJ9",
          "dependencies": [
            "aws_vpc.tp_cloud_devops_vpc"
          ]
        }
      ]
    },
    {
      "mode": "managed",
      "type": "aws_vpc",
      "name": "tp_cloud_devops_vpc",
      "provider": "provider[\"registry.terraform.io/hashicorp/aws\"]",
      "instances": [
        {
          "schema_version": 1,
          "attributes": {
            "arn": "arn:aws:ec2:us-east-1:891612579726:vpc/vpc-03893df10d113a0ee",
            "assign_generated_ipv6_cidr_block": false,
            "cidr_block": "10.0.0.0/16",
            "default_network_acl_id": "acl-0ddc9f71a9d534b07",
            "default_route_table_id": "rtb-02ad1cb24a6c49603",
            "default_security_group_id": "sg-05ff40dd5927a913a",
            "dhcp_options_id": "dopt-0ef855ce714215f3f",
            "enable_dns_hostnames": true,
            "enable_dns_support": true,
            "enable_network_address_usage_metrics": false,
            "id": "vpc-03893df10d113a0ee",
            "instance_tenancy": "default",
            "ipv4_ipam_pool_id": null,
            "ipv4_netmask_length": null,
            "ipv6_association_id": "",
            "ipv6_cidr_block": "",
            "ipv6_cidr_block_network_border_group": "",
            "ipv6_ipam_pool_id": "",
            "ipv6_netmask_length": 0,
            "main_route_table_id": "rtb-02ad1cb24a6c49603",
            "owner_id": "891612579726",
            "tags": {
              "Name": "tp_cloud_devops_vpc"
            },
            "tags_all": {
              "Name": "tp_cloud_devops_vpc"
            }
          },
          "sensitive_attributes": [],
          "private": "eyJzY2hlbWFfdmVyc2lvbiI6IjEifQ=="
        }
      ]
    },
    {
      "mode": "managed",
      "type": "tls_private_key",
      "name": "example_ssh_key",
      "provider": "provider[\"registry.terraform.io/hashicorp/tls\"]",
      "instances": [
        {
          "schema_version": 1,
          "attributes": {
            "algorithm": "RSA",
            "ecdsa_curve": "P224",
            "id": "525f57cc733e7eda10ef02d11f38e14f112f071a",
            "private_key_openssh": "-----BEGIN OPENSSH PRIVATE KEY-----\nb3BlbnNzaC1rZXktdjEAAAAABG5vbmUAAAAEbm9uZQAAAAAAAAABAAABFwAAAAdz\nc2gtcnNhAAAAAwEAAQAAAQEAqqDOIsM2VKyDmFKUT5FGRbuVZoBo/VRbdXxiNlzw\nIy7yGAnNR4RNG+euU5vEL/NtXA0IQ23AupAvUld+0j7dcVF5ag/FoFISiNxh4Z9P\nmhx2IRVIkXtklU8pcwc0kA52z4dCyvOesAS6obGgcxNnbFbiJkd56FThG1YcW63i\nzl6CU9SGKi/HFWGTzofNhSHvNR7tQEUnqj3voEFcoBMDaH7wJBiJPxiQLF337dug\nYn58ytJns47ILUF+ARHlneOW5/B9yo7Bey7OVwXrJKIluGjt28Smx7cr3MCEH5w4\nV3LgfX7MKOVsPbQ5wkeleaxk+XLjIEP2blrTctenbKdz6wAAA7j5GwlS+RsJUgAA\nAAdzc2gtcnNhAAABAQCqoM4iwzZUrIOYUpRPkUZFu5VmgGj9VFt1fGI2XPAjLvIY\nCc1HhE0b565Tm8Qv821cDQhDbcC6kC9SV37SPt1xUXlqD8WgUhKI3GHhn0+aHHYh\nFUiRe2SVTylzBzSQDnbPh0LK856wBLqhsaBzE2dsVuImR3noVOEbVhxbreLOXoJT\n1IYqL8cVYZPOh82FIe81Hu1ARSeqPe+gQVygEwNofvAkGIk/GJAsXfft26BifnzK\n0mezjsgtQX4BEeWd45bn8H3KjsF7Ls5XBeskoiW4aO3bxKbHtyvcwIQfnDhXcuB9\nfswo5Ww9tDnCR6V5rGT5cuMgQ/ZuWtNy16dsp3PrAAAAAwEAAQAAAQBTiC3ibtcm\nVN6Hr8XTvjc85Dyb1bmQa7/qoF4kZxNY5h63DfVlUau+QYnifJtrLi0Xp3moKQ71\nRqkkEpmPrB8U3uIlvlrtxcA1KE7y+d8qf0yFnbnNHy96uSp9mcVt0ObxajKU0Peb\nDHWhuyflrlYvf8lvHAbeas9ZZqqzZ0ll5anAJ3+1H32LAwb7edRwNaPSmR76ceIW\nJoRY5bZgl3wT1uru2GXs9FtsbMOcw5YBbmBORmxWD2cRUee1pEqwgbNjdOOufQcm\nbDKFw7qeMlWApifdOwLS5dSvzlXzKPUENRKDPDJZ88ezSUZHYKkYpQCXBqH3LWt9\nx9rVpVQeK+1BAAAAgCI2jXWQbm2xQ7BtdLrPMKgWMdbvFZJ0QGRDz5Ddxx414nfS\n4ZBaOtvM8XnPetMsNDVWlYM0wPPwD2nex5h2uKWdrR++AmX4t+O3Ni0SReCwDg8i\np2oEw1+Upis1A/y7Dm2V/mGMD6zVyY5mtxVJBTkYsJPJ58P4nu5Avr8TE0brAAAA\ngQDd0XGrQ71cRoCsCJgWxYRRbGXqwuMzA4zwJbT8m8rF9dQzDB+Yvu93y1fTj8bX\n9bVjEwSPke7HzY/WhfN4Hy/NJDzIw0Oe245e5i3KL/+0Npn12rw29V3vI5HnwRdz\nlHrgN8/G35kP91rdWeWbZWSjN2K+DalkRf53MfRGvMdZEwAAAIEAxOv0fWmhBooQ\nB5sI1SX8gMU0UkimcZIqGZ9tU40PbH9xAxJkdYRCbwZ55uJ53xPM0h/syDuz4FL7\nyZIxvAChTzqWcmRzhzIoxhwOivdGp5z4zoy9PeO0rjRSmSpofUq5Q5TAHXYv+Ucz\n+X6CZg0lb+SJ7eAFgDoksY21kFeH7MkAAAAAAQID\n-----END OPENSSH PRIVATE KEY-----\n",
            "private_key_pem": "-----BEGIN RSA PRIVATE KEY-----\nMIIEpAIBAAKCAQEAqqDOIsM2VKyDmFKUT5FGRbuVZoBo/VRbdXxiNlzwIy7yGAnN\nR4RNG+euU5vEL/NtXA0IQ23AupAvUld+0j7dcVF5ag/FoFISiNxh4Z9Pmhx2IRVI\nkXtklU8pcwc0kA52z4dCyvOesAS6obGgcxNnbFbiJkd56FThG1YcW63izl6CU9SG\nKi/HFWGTzofNhSHvNR7tQEUnqj3voEFcoBMDaH7wJBiJPxiQLF337dugYn58ytJn\ns47ILUF+ARHlneOW5/B9yo7Bey7OVwXrJKIluGjt28Smx7cr3MCEH5w4V3LgfX7M\nKOVsPbQ5wkeleaxk+XLjIEP2blrTctenbKdz6wIDAQABAoIBAFOILeJu1yZU3oev\nxdO+NzzkPJvVuZBrv+qgXiRnE1jmHrcN9WVRq75BieJ8m2suLReneagpDvVGqSQS\nmY+sHxTe4iW+Wu3FwDUoTvL53yp/TIWduc0fL3q5Kn2ZxW3Q5vFqMpTQ95sMdaG7\nJ+WuVi9/yW8cBt5qz1lmqrNnSWXlqcAnf7UffYsDBvt51HA1o9KZHvpx4hYmhFjl\ntmCXfBPW6u7YZez0W2xsw5zDlgFuYE5GbFYPZxFR57WkSrCBs2N04659ByZsMoXD\nup4yVYCmJ907AtLl1K/OVfMo9QQ1EoM8Mlnzx7NJRkdgqRilAJcGofcta33H2tWl\nVB4r7UECgYEA3dFxq0O9XEaArAiYFsWEUWxl6sLjMwOM8CW0/JvKxfXUMwwfmL7v\nd8tX04/G1/W1YxMEj5Hux82P1oXzeB8vzSQ8yMNDntuOXuYtyi//tDaZ9dq8NvVd\n7yOR58EXc5R64DfPxt+ZD/da3Vnlm2Vkozdivg2pZEX+dzH0RrzHWRMCgYEAxOv0\nfWmhBooQB5sI1SX8gMU0UkimcZIqGZ9tU40PbH9xAxJkdYRCbwZ55uJ53xPM0h/s\nyDuz4FL7yZIxvAChTzqWcmRzhzIoxhwOivdGp5z4zoy9PeO0rjRSmSpofUq5Q5TA\nHXYv+Ucz+X6CZg0lb+SJ7eAFgDoksY21kFeH7MkCgYEA3DNGNzFo8wieRanGaZys\nrTQBvNq5NvRIXkHgeICj/H78p6xaVYT+LprzVfc9+zdVWMQRXAEP3NNo/ho9xzqW\ndnyJxvdo0nO80uKIBFY/7oPhtRnujFRqarKR7lJWWIvGq31cS12/EgWI84KBmBFA\npXKfGHJxfTSq12MEz5AqCXcCgYEAsVlMHPLXufr3itH+t3B5o0N35q9Vb61SyzbB\nEGFXRcDU+A5FeWz/I9yyRtUrK1Q6v/dOmdrjGiHCb/yBXC85GBDM1ANR5K2w+RLl\nqhQfhu8hSWyJNsbvv4CR7y25YzW7+nhqOV5qwFd3ILjmGaC3Wbl620hJy/0RdPMK\nVQ/v87kCgYAiNo11kG5tsUOwbXS6zzCoFjHW7xWSdEBkQ8+Q3cceNeJ30uGQWjrb\nzPF5z3rTLDQ1VpWDNMDz8A9p3seYdrilna0fvgJl+LfjtzYtEkXgsA4PIqdqBMNf\nlKYrNQP8uw5tlf5hjA+s1cmOZrcVSQU5GLCTyefD+J7uQL6/ExNG6w==\n-----END RSA PRIVATE KEY-----\n",
            "private_key_pem_pkcs8": "-----BEGIN PRIVATE KEY-----\nMIIEvgIBADANBgkqhkiG9w0BAQEFAASCBKgwggSkAgEAAoIBAQCqoM4iwzZUrIOY\nUpRPkUZFu5VmgGj9VFt1fGI2XPAjLvIYCc1HhE0b565Tm8Qv821cDQhDbcC6kC9S\nV37SPt1xUXlqD8WgUhKI3GHhn0+aHHYhFUiRe2SVTylzBzSQDnbPh0LK856wBLqh\nsaBzE2dsVuImR3noVOEbVhxbreLOXoJT1IYqL8cVYZPOh82FIe81Hu1ARSeqPe+g\nQVygEwNofvAkGIk/GJAsXfft26BifnzK0mezjsgtQX4BEeWd45bn8H3KjsF7Ls5X\nBeskoiW4aO3bxKbHtyvcwIQfnDhXcuB9fswo5Ww9tDnCR6V5rGT5cuMgQ/ZuWtNy\n16dsp3PrAgMBAAECggEAU4gt4m7XJlTeh6/F0743POQ8m9W5kGu/6qBeJGcTWOYe\ntw31ZVGrvkGJ4nybay4tF6d5qCkO9UapJBKZj6wfFN7iJb5a7cXANShO8vnfKn9M\nhZ25zR8verkqfZnFbdDm8WoylND3mwx1obsn5a5WL3/JbxwG3mrPWWaqs2dJZeWp\nwCd/tR99iwMG+3nUcDWj0pke+nHiFiaEWOW2YJd8E9bq7thl7PRbbGzDnMOWAW5g\nTkZsVg9nEVHntaRKsIGzY3Tjrn0HJmwyhcO6njJVgKYn3TsC0uXUr85V8yj1BDUS\ngzwyWfPHs0lGR2CpGKUAlwah9y1rfcfa1aVUHivtQQKBgQDd0XGrQ71cRoCsCJgW\nxYRRbGXqwuMzA4zwJbT8m8rF9dQzDB+Yvu93y1fTj8bX9bVjEwSPke7HzY/WhfN4\nHy/NJDzIw0Oe245e5i3KL/+0Npn12rw29V3vI5HnwRdzlHrgN8/G35kP91rdWeWb\nZWSjN2K+DalkRf53MfRGvMdZEwKBgQDE6/R9aaEGihAHmwjVJfyAxTRSSKZxkioZ\nn21TjQ9sf3EDEmR1hEJvBnnm4nnfE8zSH+zIO7PgUvvJkjG8AKFPOpZyZHOHMijG\nHA6K90annPjOjL0947SuNFKZKmh9SrlDlMAddi/5RzP5foJmDSVv5Int4AWAOiSx\njbWQV4fsyQKBgQDcM0Y3MWjzCJ5FqcZpnKytNAG82rk29EheQeB4gKP8fvynrFpV\nhP4umvNV9z37N1VYxBFcAQ/c02j+Gj3HOpZ2fInG92jSc7zS4ogEVj/ug+G1Ge6M\nVGpqspHuUlZYi8arfVxLXb8SBYjzgoGYEUClcp8YcnF9NKrXYwTPkCoJdwKBgQCx\nWUwc8te5+veK0f63cHmjQ3fmr1VvrVLLNsEQYVdFwNT4DkV5bP8j3LJG1SsrVDq/\n906Z2uMaIcJv/IFcLzkYEMzUA1HkrbD5EuWqFB+G7yFJbIk2xu+/gJHvLbljNbv6\neGo5XmrAV3cguOYZoLdZuXrbSEnL/RF08wpVD+/zuQKBgCI2jXWQbm2xQ7BtdLrP\nMKgWMdbvFZJ0QGRDz5Ddxx414nfS4ZBaOtvM8XnPetMsNDVWlYM0wPPwD2nex5h2\nuKWdrR++AmX4t+O3Ni0SReCwDg8ip2oEw1+Upis1A/y7Dm2V/mGMD6zVyY5mtxVJ\nBTkYsJPJ58P4nu5Avr8TE0br\n-----END PRIVATE KEY-----\n",
            "public_key_fingerprint_md5": "38:44:bf:dc:7c:e8:81:3c:aa:91:a1:b8:03:66:83:0b",
            "public_key_fingerprint_sha256": "SHA256:FsogThLZPS2u8GIp1U54Uuk7fwd2Z1bK7OUHg0JEt0k",
            "public_key_openssh": "ssh-rsa AAAAB3NzaC1yc2EAAAADAQABAAABAQCqoM4iwzZUrIOYUpRPkUZFu5VmgGj9VFt1fGI2XPAjLvIYCc1HhE0b565Tm8Qv821cDQhDbcC6kC9SV37SPt1xUXlqD8WgUhKI3GHhn0+aHHYhFUiRe2SVTylzBzSQDnbPh0LK856wBLqhsaBzE2dsVuImR3noVOEbVhxbreLOXoJT1IYqL8cVYZPOh82FIe81Hu1ARSeqPe+gQVygEwNofvAkGIk/GJAsXfft26BifnzK0mezjsgtQX4BEeWd45bn8H3KjsF7Ls5XBeskoiW4aO3bxKbHtyvcwIQfnDhXcuB9fswo5Ww9tDnCR6V5rGT5cuMgQ/ZuWtNy16dsp3Pr\n",
            "public_key_pem": "-----BEGIN PUBLIC KEY-----\nMIIBIjANBgkqhkiG9w0BAQEFAAOCAQ8AMIIBCgKCAQEAqqDOIsM2VKyDmFKUT5FG\nRbuVZoBo/VRbdXxiNlzwIy7yGAnNR4RNG+euU5vEL/NtXA0IQ23AupAvUld+0j7d\ncVF5ag/FoFISiNxh4Z9Pmhx2IRVIkXtklU8pcwc0kA52z4dCyvOesAS6obGgcxNn\nbFbiJkd56FThG1YcW63izl6CU9SGKi/HFWGTzofNhSHvNR7tQEUnqj3voEFcoBMD\naH7wJBiJPxiQLF337dugYn58ytJns47ILUF+ARHlneOW5/B9yo7Bey7OVwXrJKIl\nuGjt28Smx7cr3MCEH5w4V3LgfX7MKOVsPbQ5wkeleaxk+XLjIEP2blrTctenbKdz\n6wIDAQAB\n-----END PUBLIC KEY-----\n",
            "rsa_bits": 2048
          },
          "sensitive_attributes": [
            [
              {
                "type": "get_attr",
                "value": "private_key_pem"
              }
            ],
            [
              {
                "type": "get_attr",
                "value": "private_key_pem_pkcs8"
              }
            ],
            [
              {
                "type": "get_attr",
                "value": "private_key_openssh"
              }
            ]
          ]
        }
      ]
    }
  ],
  "check_results": null
}
